
Microsoft Visual Studio Solution File, Format Version 12.00
# Visual Studio Version 17
VisualStudioVersion = 17.7.34003.232
MinimumVisualStudioVersion = 10.0.40219.1
Project("{FAE04EC0-301F-11D3-BF4B-00C04F79EFBC}") = "DosyaVeKlasorIslemleri", "DosyaVeKlasorIslemleri\DosyaVeKlasorIslemleri.csproj", "{A1F5A9F5-5F34-4941-8CB8-15558B4FA554}"
EndProject
Global
	GlobalSection(SolutionConfigurationPlatforms) = preSolution
		Debug|Any CPU = Debug|Any CPU
		Release|Any CPU = Release|Any CPU
	EndGlobalSection
	GlobalSection(ProjectConfigurationPlatforms) = postSolution
		{A1F5A9F5-5F34-4941-8CB8-15558B4FA554}.Debug|Any CPU.ActiveCfg = Debug|Any CPU
		{A1F5A9F5-5F34-4941-8CB8-15558B4FA554}.Debug|Any CPU.Build.0 = Debug|Any CPU
		{A1F5A9F5-5F34-4941-8CB8-15558B4FA554}.Release|Any CPU.ActiveCfg = Release|Any CPU
		{A1F5A9F5-5F34-4941-8CB8-15558B4FA554}.Release|Any CPU.Build.0 = Release|Any CPU
	EndGlobalSection
	GlobalSection(SolutionProperties) = preSolution
		HideSolutionNode = FALSE
	EndGlobalSection
	GlobalSection(ExtensibilityGlobals) = postSolution
		SolutionGuid = {46F34A4C-C171-41B3-ACF7-4DD65CBBEBFD}
	EndGlobalSection
EndGlobal
